
Microsoft Visual Studio Solution File, Format Version 12.00
# Visual Studio 14
VisualStudioVersion = 14.0.23107.0
MinimumVisualStudioVersion = 10.0.40219.1
Project("{FAE04EC0-301F-11D3-BF4B-00C04F79EFBC}") = "ConsoleApplication3", "ConsoleApplication3\ConsoleApplication3.csproj", "{6D805456-2416-4E69-8861-56638F9292D8}"
EndProject
Project("{FAE04EC0-301F-11D3-BF4B-00C04F79EFBC}") = "ConsoleApplication1", "..\..\Day 2_c#\ConsoleApplication1\ConsoleApplication1\ConsoleApplication1.csproj", "{68B22264-CD2D-40BD-8C4A-5976C0EBD475}"
EndProject
Global
	GlobalSection(SolutionConfigurationPlatforms) = preSolution
		Debug|Any CPU = Debug|Any CPU
		Release|Any CPU = Release|Any CPU
	EndGlobalSection
	GlobalSection(ProjectConfigurationPlatforms) = postSolution
		{6D805456-2416-4E69-8861-56638F9292D8}.Debug|Any CPU.ActiveCfg = Debug|Any CPU
		{6D805456-2416-4E69-8861-56638F9292D8}.Debug|Any CPU.Build.0 = Debug|Any CPU
		{6D805456-2416-4E69-8861-56638F9292D8}.Release|Any CPU.ActiveCfg = Release|Any CPU
		{6D805456-2416-4E69-8861-56638F9292D8}.Release|Any CPU.Build.0 = Release|Any CPU
		{68B22264-CD2D-40BD-8C4A-5976C0EBD475}.Debug|Any CPU.ActiveCfg = Debug|Any CPU
		{68B22264-CD2D-40BD-8C4A-5976C0EBD475}.Debug|Any CPU.Build.0 = Debug|Any CPU
		{68B22264-CD2D-40BD-8C4A-5976C0EBD475}.Release|Any CPU.ActiveCfg = Release|Any CPU
		{68B22264-CD2D-40BD-8C4A-5976C0EBD475}.Release|Any CPU.Build.0 = Release|Any CPU
	EndGlobalSection
	GlobalSection(SolutionProperties) = preSolution
		HideSolutionNode = FALSE
	EndGlobalSection
EndGlobal
